Microsoft Visual Studio Solution File, Format Version 12.00
# Visual Studio 15
Project("{8BC9CEB8-8B4A-11D0-8D11-00A0C91BC942}") = "CMakeGL", "CMakeGL.vcxproj", "{11A13FC5-FA00-3B27-AC49-4485D5EB2E74}"
	ProjectSection(ProjectDependencies) = postProject
		{08C3B9D5-AE77-3772-9E19-18058A4C8A05} = {08C3B9D5-AE77-3772-9E19-18058A4C8A05}
		{DB71A818-BDAA-3ED9-9120-F5658EA106A2} = {DB71A818-BDAA-3ED9-9120-F5658EA106A2}
		{1D32B2A9-A370-3030-858D-200D337BDF57} = {1D32B2A9-A370-3030-858D-200D337BDF57}
	EndProjectSection
EndProject
Project("{8BC9CEB8-8B4A-11D0-8D11-00A0C91BC942}") = "ALL_BUILD", "ALL_BUILD.vcxproj", "{0363469F-3E18-365C-B4C5-754861AF61C2}"
	ProjectSection(ProjectDependencies) = postProject
		{11A13FC5-FA00-3B27-AC49-4485D5EB2E74} = {11A13FC5-FA00-3B27-AC49-4485D5EB2E74}
		{08C3B9D5-AE77-3772-9E19-18058A4C8A05} = {08C3B9D5-AE77-3772-9E19-18058A4C8A05}
		{DB71A818-BDAA-3ED9-9120-F5658EA106A2} = {DB71A818-BDAA-3ED9-9120-F5658EA106A2}
		{1D32B2A9-A370-3030-858D-200D337BDF57} = {1D32B2A9-A370-3030-858D-200D337BDF57}
	EndProjectSection
EndProject
Project("{8BC9CEB8-8B4A-11D0-8D11-00A0C91BC942}") = "GLAD", "GLAD.vcxproj", "{08C3B9D5-AE77-3772-9E19-18058A4C8A05}"
	ProjectSection(ProjectDependencies) = postProject
		{1D32B2A9-A370-3030-858D-200D337BDF57} = {1D32B2A9-A370-3030-858D-200D337BDF57}
	EndProjectSection
EndProject
Project("{8BC9CEB8-8B4A-11D0-8D11-00A0C91BC942}") = "STB_IMAGE", "STB_IMAGE.vcxproj", "{DB71A818-BDAA-3ED9-9120-F5658EA106A2}"
	ProjectSection(ProjectDependencies) = postProject
		{1D32B2A9-A370-3030-858D-200D337BDF57} = {1D32B2A9-A370-3030-858D-200D337BDF57}
	EndProjectSection
EndProject
Project("{8BC9CEB8-8B4A-11D0-8D11-00A0C91BC942}") = "ZERO_CHECK", "ZERO_CHECK.vcxproj", "{1D32B2A9-A370-3030-858D-200D337BDF57}"
	ProjectSection(ProjectDependencies) = postProject
	EndProjectSection
EndProject
Global
	GlobalSection(SolutionConfigurationPlatforms) = preSolution
		Debug|Win32 = Debug|Win32
		Release|Win32 = Release|Win32
		MinSizeRel|Win32 = MinSizeRel|Win32
		RelWithDebInfo|Win32 = RelWithDebInfo|Win32
	EndGlobalSection
	GlobalSection(ProjectConfigurationPlatforms) = postSolution
		{11A13FC5-FA00-3B27-AC49-4485D5EB2E74}.Debug|Win32.ActiveCfg = Debug|Win32
		{11A13FC5-FA00-3B27-AC49-4485D5EB2E74}.Debug|Win32.Build.0 = Debug|Win32
		{11A13FC5-FA00-3B27-AC49-4485D5EB2E74}.Release|Win32.ActiveCfg = Release|Win32
		{11A13FC5-FA00-3B27-AC49-4485D5EB2E74}.Release|Win32.Build.0 = Release|Win32
		{11A13FC5-FA00-3B27-AC49-4485D5EB2E74}.MinSizeRel|Win32.ActiveCfg = MinSizeRel|Win32
		{11A13FC5-FA00-3B27-AC49-4485D5EB2E74}.MinSizeRel|Win32.Build.0 = MinSizeRel|Win32
		{11A13FC5-FA00-3B27-AC49-4485D5EB2E74}.RelWithDebInfo|Win32.ActiveCfg = RelWithDebInfo|Win32
		{11A13FC5-FA00-3B27-AC49-4485D5EB2E74}.RelWithDebInfo|Win32.Build.0 = RelWithDebInfo|Win32
		{0363469F-3E18-365C-B4C5-754861AF61C2}.Debug|Win32.ActiveCfg = Debug|Win32
		{0363469F-3E18-365C-B4C5-754861AF61C2}.Release|Win32.ActiveCfg = Release|Win32
		{0363469F-3E18-365C-B4C5-754861AF61C2}.MinSizeRel|Win32.ActiveCfg = MinSizeRel|Win32
		{0363469F-3E18-365C-B4C5-754861AF61C2}.RelWithDebInfo|Win32.ActiveCfg = RelWithDebInfo|Win32
		{08C3B9D5-AE77-3772-9E19-18058A4C8A05}.Debug|Win32.ActiveCfg = Debug|Win32
		{08C3B9D5-AE77-3772-9E19-18058A4C8A05}.Debug|Win32.Build.0 = Debug|Win32
		{08C3B9D5-AE77-3772-9E19-18058A4C8A05}.Release|Win32.ActiveCfg = Release|Win32
		{08C3B9D5-AE77-3772-9E19-18058A4C8A05}.Release|Win32.Build.0 = Release|Win32
		{08C3B9D5-AE77-3772-9E19-18058A4C8A05}.MinSizeRel|Win32.ActiveCfg = MinSizeRel|Win32
		{08C3B9D5-AE77-3772-9E19-18058A4C8A05}.MinSizeRel|Win32.Build.0 = MinSizeRel|Win32
		{08C3B9D5-AE77-3772-9E19-18058A4C8A05}.RelWithDebInfo|Win32.ActiveCfg = RelWithDebInfo|Win32
		{08C3B9D5-AE77-3772-9E19-18058A4C8A05}.RelWithDebInfo|Win32.Build.0 = RelWithDebInfo|Win32
		{DB71A818-BDAA-3ED9-9120-F5658EA106A2}.Debug|Win32.ActiveCfg = Debug|Win32
		{DB71A818-BDAA-3ED9-9120-F5658EA106A2}.Debug|Win32.Build.0 = Debug|Win32
		{DB71A818-BDAA-3ED9-9120-F5658EA106A2}.Release|Win32.ActiveCfg = Release|Win32
		{DB71A818-BDAA-3ED9-9120-F5658EA106A2}.Release|Win32.Build.0 = Release|Win32
		{DB71A818-BDAA-3ED9-9120-F5658EA106A2}.MinSizeRel|Win32.ActiveCfg = MinSizeRel|Win32
		{DB71A818-BDAA-3ED9-9120-F5658EA106A2}.MinSizeRel|Win32.Build.0 = MinSizeRel|Win32
		{DB71A818-BDAA-3ED9-9120-F5658EA106A2}.RelWithDebInfo|Win32.ActiveCfg = RelWithDebInfo|Win32
		{DB71A818-BDAA-3ED9-9120-F5658EA106A2}.RelWithDebInfo|Win32.Build.0 = RelWithDebInfo|Win32
		{1D32B2A9-A370-3030-858D-200D337BDF57}.Debug|Win32.ActiveCfg = Debug|Win32
		{1D32B2A9-A370-3030-858D-200D337BDF57}.Debug|Win32.Build.0 = Debug|Win32
		{1D32B2A9-A370-3030-858D-200D337BDF57}.Release|Win32.ActiveCfg = Release|Win32
		{1D32B2A9-A370-3030-858D-200D337BDF57}.Release|Win32.Build.0 = Release|Win32
		{1D32B2A9-A370-3030-858D-200D337BDF57}.MinSizeRel|Win32.ActiveCfg = MinSizeRel|Win32
		{1D32B2A9-A370-3030-858D-200D337BDF57}.MinSizeRel|Win32.Build.0 = MinSizeRel|Win32
		{1D32B2A9-A370-3030-858D-200D337BDF57}.RelWithDebInfo|Win32.ActiveCfg = RelWithDebInfo|Win32
		{1D32B2A9-A370-3030-858D-200D337BDF57}.RelWithDebInfo|Win32.Build.0 = RelWithDebInfo|Win32
	EndGlobalSection
	GlobalSection(ExtensibilityGlobals) = postSolution
		SolutionGuid = {4618663E-335C-3A26-85B1-81B90E38A747}
	EndGlobalSection
	GlobalSection(ExtensibilityAddIns) = postSolution
	EndGlobalSection
EndGlobal
